
Microsoft Visual Studio Solution File, Format Version 12.00
# Visual Studio 15
VisualStudioVersion = 15.0.28010.2036
MinimumVisualStudioVersion = 10.0.40219.1
Project("{FAE04EC0-301F-11D3-BF4B-00C04F79EFBC}") = "MMWeb.net", "MMWeb.net\MMWeb.net.csproj", "{F4EDA298-095E-4192-8ACE-7D0A5B458CDC}"
EndProject
Project("{FAE04EC0-301F-11D3-BF4B-00C04F79EFBC}") = "MMDataLib", "MMDataLib\MMDataLib.csproj", "{589C8CB7-D12F-4157-AEFF-8DAECBF028DC}"
EndProject
Global
	GlobalSection(SolutionConfigurationPlatforms) = preSolution
		Debug|Any CPU = Debug|Any CPU
		Release|Any CPU = Release|Any CPU
	EndGlobalSection
	GlobalSection(ProjectConfigurationPlatforms) = postSolution
		{F4EDA298-095E-4192-8ACE-7D0A5B458CDC}.Debug|Any CPU.ActiveCfg = Debug|Any CPU
		{F4EDA298-095E-4192-8ACE-7D0A5B458CDC}.Debug|Any CPU.Build.0 = Debug|Any CPU
		{F4EDA298-095E-4192-8ACE-7D0A5B458CDC}.Release|Any CPU.ActiveCfg = Release|Any CPU
		{F4EDA298-095E-4192-8ACE-7D0A5B458CDC}.Release|Any CPU.Build.0 = Release|Any CPU
		{589C8CB7-D12F-4157-AEFF-8DAECBF028DC}.Debug|Any CPU.ActiveCfg = Debug|Any CPU
		{589C8CB7-D12F-4157-AEFF-8DAECBF028DC}.Debug|Any CPU.Build.0 = Debug|Any CPU
		{589C8CB7-D12F-4157-AEFF-8DAECBF028DC}.Release|Any CPU.ActiveCfg = Release|Any CPU
		{589C8CB7-D12F-4157-AEFF-8DAECBF028DC}.Release|Any CPU.Build.0 = Release|Any CPU
	EndGlobalSection
	GlobalSection(SolutionProperties) = preSolution
		HideSolutionNode = FALSE
	EndGlobalSection
	GlobalSection(ExtensibilityGlobals) = postSolution
		SolutionGuid = {D3705503-2957-4856-9D5F-D3C490A6A29B}
	EndGlobalSection
EndGlobal
